
Microsoft Visual Studio Solution File, Format Version 12.00
# Visual Studio 2012
VisualStudioVersion = 14.0.25123.0
MinimumVisualStudioVersion = 10.0.40219.1
Project("{2150E333-8FDC-42A3-9474-1A3956D46DE8}") = "Tools", "Tools", "{CFC40EA8-689B-48F6-B60E-E5C3685C3574}"
EndProject
Project("{FAE04EC0-301F-11D3-BF4B-00C04F79EFBC}") = "ConsoleApp", "Tools\ConsoleApp\ConsoleApp.csproj", "{2EA02742-D5EF-46BD-A01D-2251C3F24316}"
EndProject
Project("{FAE04EC0-301F-11D3-BF4B-00C04F79EFBC}") = "appify", "Tools\appify\appify.csproj", "{C4EC75DF-5436-4D13-AFC5-DA5C688E1FE4}"
EndProject
Project("{FAE04EC0-301F-11D3-BF4B-00C04F79EFBC}") = "FormApp", "Tools\FormApp\FormApp.csproj", "{7FDC4CAA-B355-49A8-B29C-239245A32A84}"
EndProject
Project("{2150E333-8FDC-42A3-9474-1A3956D46DE8}") = ".Net", ".Net", "{503A1187-63B2-4164-9AD4-A834BD8F8BFB}"
EndProject
Project("{2150E333-8FDC-42A3-9474-1A3956D46DE8}") = "Core", "Core", "{554313D5-0BDB-4796-B92B-CA55E65ACD73}"
EndProject
Project("{FAE04EC0-301F-11D3-BF4B-00C04F79EFBC}") = "Core.UnitTests", "Core\UnitTests\Core.UnitTests.csproj", "{EAA7D714-CB15-4834-B89F-E0944C2BA25E}"
EndProject
Project("{2150E333-8FDC-42A3-9474-1A3956D46DE8}") = "Core.Examples", "Core.Examples", "{9C7CB376-DB1F-46DA-858D-A440FD12ADBD}"
EndProject
Project("{FAE04EC0-301F-11D3-BF4B-00C04F79EFBC}") = "HelloWorld", "Core\Examples\HelloWorld\HelloWorld.csproj", "{21028C0B-1582-4B33-8F68-4318867DA8A5}"
EndProject
Project("{FAE04EC0-301F-11D3-BF4B-00C04F79EFBC}") = "ArgumentException", "Core\Examples\ArgumentException\ArgumentException.csproj", "{5D305E36-842C-4A31-9F52-A24C3880B1F8}"
EndProject
Project("{FAE04EC0-301F-11D3-BF4B-00C04F79EFBC}") = "Array.ArrayOperator", "Core\Examples\Array.ArrayOperator\Array.ArrayOperator.csproj", "{320B8DF2-6880-461B-B0FB-ECBB267920AB}"
EndProject
Project("{FAE04EC0-301F-11D3-BF4B-00C04F79EFBC}") = "Array.Multidimensional.ArrayOperator", "Core\Examples\Array.Multidimensional.ArrayOperator\Array.Multidimensional.ArrayOperator.csproj", "{056E05F9-B2A7-4E67-A369-A9CFF79B2FC0}"
EndProject
Project("{FAE04EC0-301F-11D3-BF4B-00C04F79EFBC}") = "Array.AsReadOnly", "Core\Examples\Array.AsReadOnly\Array.AsReadOnly.csproj", "{3EDBA9C1-A3B1-4C7A-9F05-BA3ED169B731}"
EndProject
Project("{2150E333-8FDC-42A3-9474-1A3956D46DE8}") = "Drawing", "Drawing", "{DB2F1501-DC48-4BFD-8243-FE0591AE7806}"
EndProject
Project("{2150E333-8FDC-42A3-9474-1A3956D46DE8}") = "Drawing.Examples", "Drawing.Examples", "{7DA301C8-36CF-4915-B883-B5228B6000EE}"
EndProject
Project("{FAE04EC0-301F-11D3-BF4B-00C04F79EFBC}") = "Color", "Drawing\Examples\Color\Color.csproj", "{78F07639-856B-4D72-BF48-6B343AC7C72A}"
EndProject
Project("{FAE04EC0-301F-11D3-BF4B-00C04F79EFBC}") = "Drawing.UnitTests", "Drawing\UnitTests\Drawing.UnitTests.csproj", "{458AEF20-CA16-4050-8B17-5F39C8D3DB76}"
EndProject
Project("{2150E333-8FDC-42A3-9474-1A3956D46DE8}") = "Forms", "Forms", "{C51E887E-2E97-4FED-81A8-D8E555C7B15E}"
EndProject
Project("{2150E333-8FDC-42A3-9474-1A3956D46DE8}") = "Forms.Examples", "Forms.Examples", "{EFE92500-7BD2-4484-B20C-C3910E32363E}"
EndProject
Project("{FAE04EC0-301F-11D3-BF4B-00C04F79EFBC}") = "Application", "Forms\Examples\Application\Application.csproj", "{89053E1C-78F6-4A5C-A8AB-2E4A234CC9E9}"
EndProject
Project("{FAE04EC0-301F-11D3-BF4B-00C04F79EFBC}") = "Form", "Forms\Examples\Form\Form.csproj", "{14FD3258-A4CC-4646-A8C4-DC20AFB10490}"
EndProject
Project("{FAE04EC0-301F-11D3-BF4B-00C04F79EFBC}") = "Label", "Forms\Examples\Label\Label.csproj", "{A8EE07D6-6657-4915-8BB8-1000E18AFFDE}"
EndProject
Project("{FAE04EC0-301F-11D3-BF4B-00C04F79EFBC}") = "FormHelloWrold", "Forms\Examples\FormHelloWorld\FormHelloWrold.csproj", "{02B81989-3F90-47D8-B54C-DD6C5FA218C1}"
EndProject
Project("{FAE04EC0-301F-11D3-BF4B-00C04F79EFBC}") = "Button", "Forms\Examples\Button\Button.csproj", "{CAD9AF4E-CB9A-4ACA-A0FE-566459EE973F}"
EndProject
Project("{FAE04EC0-301F-11D3-BF4B-00C04F79EFBC}") = "CheckBox", "Forms\Examples\CheckBox\CheckBox.csproj", "{C744D0C2-5628-4C26-A620-A5F21F348AC7}"
EndProject
Project("{FAE04EC0-301F-11D3-BF4B-00C04F79EFBC}") = "CheckedListBox", "Forms\Examples\CheckedListBox\CheckedListBox.csproj", "{0D751B6C-D31D-4B7A-A69F-34B65F3D22D1}"
EndProject
Project("{FAE04EC0-301F-11D3-BF4B-00C04F79EFBC}") = "Colors", "Forms\Examples\Colors\Colors.csproj", "{E786DEE2-074E-405A-B124-CD4D335B51E4}"
EndProject
Project("{FAE04EC0-301F-11D3-BF4B-00C04F79EFBC}") = "Chrono", "Forms\Examples\Chrono\Chrono.csproj", "{EE95F91A-8EA1-4280-9AD3-F6338C3119EE}"
EndProject
Project("{FAE04EC0-301F-11D3-BF4B-00C04F79EFBC}") = "Controls", "Forms\Examples\Controls\Controls.csproj", "{1EC65263-DF9F-4354-869A-77139A3F1ED7}"
EndProject
Project("{FAE04EC0-301F-11D3-BF4B-00C04F79EFBC}") = "Cursor", "Forms\Examples\Cursor\Cursor.csproj", "{3B079942-2EE0-4532-B60D-02E39EE8D918}"
EndProject
Project("{FAE04EC0-301F-11D3-BF4B-00C04F79EFBC}") = "DockedControls", "Forms\Examples\DockedControls\DockedControls.csproj", "{17E95DE8-7F5F-4C71-97D1-C9DDA4A7D85C}"
EndProject
Project("{FAE04EC0-301F-11D3-BF4B-00C04F79EFBC}") = "DragAndDrop", "Forms\Examples\DragAndDrop\DragAndDrop.csproj", "{7FA93250-CB4A-45B5-AC27-3FA26DF05889}"
EndProject
Project("{FAE04EC0-301F-11D3-BF4B-00C04F79EFBC}") = "FolderBrowserDialog", "Forms\Examples\FolderBrowserDialog\FolderBrowserDialog.csproj", "{EC344E20-53BC-4D8E-8727-B6AE1E70E11F}"
EndProject
Project("{FAE04EC0-301F-11D3-BF4B-00C04F79EFBC}") = "Font", "Forms\Examples\Font\Font.csproj", "{EDC8C078-35B8-49E0-A644-17ABB1701B85}"
EndProject
Project("{FAE04EC0-301F-11D3-BF4B-00C04F79EFBC}") = "FontFamily", "Forms\Examples\FontFamily\FontFamily.csproj", "{5A7D85EF-E07F-42DB-A54D-D338C92E254C}"
EndProject
Project("{FAE04EC0-301F-11D3-BF4B-00C04F79EFBC}") = "FormExcpetion", "Forms\Examples\FormException\FormExcpetion.csproj", "{3DA1C75F-7835-4405-BC40-22312DB04729}"
EndProject
Project("{FAE04EC0-301F-11D3-BF4B-00C04F79EFBC}") = "FormTimer", "Forms\Examples\FormTimer\FormTimer.csproj", "{8E83584F-D42B-455A-8E4E-C957DC4CF82C}"
EndProject
Project("{FAE04EC0-301F-11D3-BF4B-00C04F79EFBC}") = "GroupBox", "Forms\Examples\GroupBox\GroupBox.csproj", "{60BB65DB-2E19-4A33-86DC-7A35A07D09F4}"
EndProject
Project("{FAE04EC0-301F-11D3-BF4B-00C04F79EFBC}") = "ImageList", "Forms\Examples\ImageList\ImageList.csproj", "{5FFBD446-5A39-43D3-AE21-4812C5F0C9B5}"
EndProject
Project("{FAE04EC0-301F-11D3-BF4B-00C04F79EFBC}") = "KeyEvents", "Forms\Examples\KeyEvents\KeyEvents.csproj", "{36B497BB-20A2-4834-A68B-96C7E5E35CC8}"
EndProject
Project("{FAE04EC0-301F-11D3-BF4B-00C04F79EFBC}") = "ListBox", "Forms\Examples\ListBox\ListBox.csproj", "{56A5C60D-7167-4F2D-8FBC-B5FAF7C1A082}"
EndProject
Project("{FAE04EC0-301F-11D3-BF4B-00C04F79EFBC}") = "MainMenu", "Forms\Examples\MainMenu\MainMenu.csproj", "{276D35E3-DB23-45F7-85A7-186B9BFCD430}"
EndProject
Project("{FAE04EC0-301F-11D3-BF4B-00C04F79EFBC}") = "MaskedTextBox", "Forms\Examples\MaskedTextBox\MaskedTextBox.csproj", "{725DEA18-1EE8-4E70-9EF1-8C78C7A75B75}"
EndProject
Project("{FAE04EC0-301F-11D3-BF4B-00C04F79EFBC}") = "MessageBox", "Forms\Examples\MessageBox\MessageBox.csproj", "{EB40A918-9DE0-42F7-9A72-C5752BA50B53}"
EndProject
Project("{FAE04EC0-301F-11D3-BF4B-00C04F79EFBC}") = "MouseEvents", "Forms\Examples\MouseEvents\MouseEvents.csproj", "{14397101-0B31-4989-97C8-A5E6699A9765}"
EndProject
Project("{FAE04EC0-301F-11D3-BF4B-00C04F79EFBC}") = "NumericUpDown", "Forms\Examples\NumericUpDown\NumericUpDown.csproj", "{FE23E95D-34DA-42CB-B140-7C7A29D2D37E}"
EndProject
Project("{FAE04EC0-301F-11D3-BF4B-00C04F79EFBC}") = "OpenFileDialog", "Forms\Examples\OpenFileDialog\OpenFileDialog.csproj", "{8CDDF71E-8EF9-4932-B434-2CE2A9DF4498}"
EndProject
Project("{FAE04EC0-301F-11D3-BF4B-00C04F79EFBC}") = "Paint", "Forms\Examples\Paint\Paint.csproj", "{77C72B29-9D63-4720-AD96-676D179805EA}"
EndProject
Project("{FAE04EC0-301F-11D3-BF4B-00C04F79EFBC}") = "Panel", "Forms\Examples\Panel\Panel.csproj", "{C59FCBFD-78F3-4AD8-B3A3-67CD86E06FA0}"
EndProject
Project("{FAE04EC0-301F-11D3-BF4B-00C04F79EFBC}") = "PictureBox", "Forms\Examples\PictureBox\PictureBox.csproj", "{03B09B7B-993D-4E9A-AC28-C85F3D118D06}"
EndProject
Project("{FAE04EC0-301F-11D3-BF4B-00C04F79EFBC}") = "ProgressBar", "Forms\Examples\ProgressBar\ProgressBar.csproj", "{D83B85B8-44CE-4470-A7F6-8AC5036049AD}"
EndProject
Project("{FAE04EC0-301F-11D3-BF4B-00C04F79EFBC}") = "RadioButton", "Forms\Examples\RadioButton\RadioButton.csproj", "{CC68A2B5-0833-4387-B654-5A1438E4F6CA}"
EndProject
Project("{FAE04EC0-301F-11D3-BF4B-00C04F79EFBC}") = "RichTextBox", "Forms\Examples\RichTextBox\RichTextBox.csproj", "{D6DE2460-F6F0-4C87-999D-F48463026F7E}"
EndProject
Project("{FAE04EC0-301F-11D3-BF4B-00C04F79EFBC}") = "SaveFileDialog", "Forms\Examples\SaveFileDialog\SaveFileDialog.csproj", "{73D9932C-9F9A-47CE-B996-3F326CA87F17}"
EndProject
Project("{FAE04EC0-301F-11D3-BF4B-00C04F79EFBC}") = "SystemSound", "Forms\Examples\SystemSound\SystemSound.csproj", "{F66745DA-BA0C-422B-B08E-7CC7FEB09F2C}"
EndProject
Project("{FAE04EC0-301F-11D3-BF4B-00C04F79EFBC}") = "TabControl", "Forms\Examples\TabControl\TabControl.csproj", "{4CDB0B56-4A1E-44CC-9040-2C5DE1585B65}"
EndProject
Project("{FAE04EC0-301F-11D3-BF4B-00C04F79EFBC}") = "FormAndThread", "Forms\Examples\FormAndThread\FormAndThread.csproj", "{BB0300EA-63B2-4200-BBCB-7A07BFCD93C7}"
EndProject
Project("{2150E333-8FDC-42A3-9474-1A3956D46DE8}") = "NUnit", "NUnit", "{54E82198-9AC5-4477-B2C8-4FF0660DA5A9}"
EndProject
Global
	GlobalSection(SolutionConfigurationPlatforms) = preSolution
		Debug|Any CPU = Debug|Any CPU
		Release|Any CPU = Release|Any CPU
	EndGlobalSection
	GlobalSection(ProjectConfigurationPlatforms) = postSolution
		{02B81989-3F90-47D8-B54C-DD6C5FA218C1}.Debug|Any CPU.ActiveCfg = Debug|Any CPU
		{02B81989-3F90-47D8-B54C-DD6C5FA218C1}.Debug|Any CPU.Build.0 = Debug|Any CPU
		{02B81989-3F90-47D8-B54C-DD6C5FA218C1}.Release|Any CPU.ActiveCfg = Release|Any CPU
		{02B81989-3F90-47D8-B54C-DD6C5FA218C1}.Release|Any CPU.Build.0 = Release|Any CPU
		{03B09B7B-993D-4E9A-AC28-C85F3D118D06}.Debug|Any CPU.ActiveCfg = Debug|Any CPU
		{03B09B7B-993D-4E9A-AC28-C85F3D118D06}.Debug|Any CPU.Build.0 = Debug|Any CPU
		{03B09B7B-993D-4E9A-AC28-C85F3D118D06}.Release|Any CPU.ActiveCfg = Release|Any CPU
		{03B09B7B-993D-4E9A-AC28-C85F3D118D06}.Release|Any CPU.Build.0 = Release|Any CPU
		{056E05F9-B2A7-4E67-A369-A9CFF79B2FC0}.Debug|Any CPU.ActiveCfg = Debug|Any CPU
		{056E05F9-B2A7-4E67-A369-A9CFF79B2FC0}.Debug|Any CPU.Build.0 = Debug|Any CPU
		{056E05F9-B2A7-4E67-A369-A9CFF79B2FC0}.Release|Any CPU.ActiveCfg = Release|Any CPU
		{056E05F9-B2A7-4E67-A369-A9CFF79B2FC0}.Release|Any CPU.Build.0 = Release|Any CPU
		{0D751B6C-D31D-4B7A-A69F-34B65F3D22D1}.Debug|Any CPU.ActiveCfg = Debug|Any CPU
		{0D751B6C-D31D-4B7A-A69F-34B65F3D22D1}.Debug|Any CPU.Build.0 = Debug|Any CPU
		{0D751B6C-D31D-4B7A-A69F-34B65F3D22D1}.Release|Any CPU.ActiveCfg = Release|Any CPU
		{0D751B6C-D31D-4B7A-A69F-34B65F3D22D1}.Release|Any CPU.Build.0 = Release|Any CPU
		{14397101-0B31-4989-97C8-A5E6699A9765}.Debug|Any CPU.ActiveCfg = Debug|Any CPU
		{14397101-0B31-4989-97C8-A5E6699A9765}.Debug|Any CPU.Build.0 = Debug|Any CPU
		{14397101-0B31-4989-97C8-A5E6699A9765}.Release|Any CPU.ActiveCfg = Release|Any CPU
		{14397101-0B31-4989-97C8-A5E6699A9765}.Release|Any CPU.Build.0 = Release|Any CPU
		{14FD3258-A4CC-4646-A8C4-DC20AFB10490}.Debug|Any CPU.ActiveCfg = Debug|Any CPU
		{14FD3258-A4CC-4646-A8C4-DC20AFB10490}.Debug|Any CPU.Build.0 = Debug|Any CPU
		{14FD3258-A4CC-4646-A8C4-DC20AFB10490}.Release|Any CPU.ActiveCfg = Release|Any CPU
		{14FD3258-A4CC-4646-A8C4-DC20AFB10490}.Release|Any CPU.Build.0 = Release|Any CPU
		{17E95DE8-7F5F-4C71-97D1-C9DDA4A7D85C}.Debug|Any CPU.ActiveCfg = Debug|Any CPU
		{17E95DE8-7F5F-4C71-97D1-C9DDA4A7D85C}.Debug|Any CPU.Build.0 = Debug|Any CPU
		{17E95DE8-7F5F-4C71-97D1-C9DDA4A7D85C}.Release|Any CPU.ActiveCfg = Release|Any CPU
		{17E95DE8-7F5F-4C71-97D1-C9DDA4A7D85C}.Release|Any CPU.Build.0 = Release|Any CPU
		{1EC65263-DF9F-4354-869A-77139A3F1ED7}.Debug|Any CPU.ActiveCfg = Debug|Any CPU
		{1EC65263-DF9F-4354-869A-77139A3F1ED7}.Debug|Any CPU.Build.0 = Debug|Any CPU
		{1EC65263-DF9F-4354-869A-77139A3F1ED7}.Release|Any CPU.ActiveCfg = Release|Any CPU
		{1EC65263-DF9F-4354-869A-77139A3F1ED7}.Release|Any CPU.Build.0 = Release|Any CPU
		{21028C0B-1582-4B33-8F68-4318867DA8A5}.Debug|Any CPU.ActiveCfg = Debug|Any CPU
		{21028C0B-1582-4B33-8F68-4318867DA8A5}.Debug|Any CPU.Build.0 = Debug|Any CPU
		{21028C0B-1582-4B33-8F68-4318867DA8A5}.Release|Any CPU.ActiveCfg = Release|Any CPU
		{21028C0B-1582-4B33-8F68-4318867DA8A5}.Release|Any CPU.Build.0 = Release|Any CPU
		{276D35E3-DB23-45F7-85A7-186B9BFCD430}.Debug|Any CPU.ActiveCfg = Debug|Any CPU
		{276D35E3-DB23-45F7-85A7-186B9BFCD430}.Debug|Any CPU.Build.0 = Debug|Any CPU
		{276D35E3-DB23-45F7-85A7-186B9BFCD430}.Release|Any CPU.ActiveCfg = Release|Any CPU
		{276D35E3-DB23-45F7-85A7-186B9BFCD430}.Release|Any CPU.Build.0 = Release|Any CPU
		{2EA02742-D5EF-46BD-A01D-2251C3F24316}.Debug|Any CPU.ActiveCfg = Debug|Any CPU
		{2EA02742-D5EF-46BD-A01D-2251C3F24316}.Debug|Any CPU.Build.0 = Debug|Any CPU
		{2EA02742-D5EF-46BD-A01D-2251C3F24316}.Release|Any CPU.ActiveCfg = Release|Any CPU
		{2EA02742-D5EF-46BD-A01D-2251C3F24316}.Release|Any CPU.Build.0 = Release|Any CPU
		{320B8DF2-6880-461B-B0FB-ECBB267920AB}.Debug|Any CPU.ActiveCfg = Debug|Any CPU
		{320B8DF2-6880-461B-B0FB-ECBB267920AB}.Debug|Any CPU.Build.0 = Debug|Any CPU
		{320B8DF2-6880-461B-B0FB-ECBB267920AB}.Release|Any CPU.ActiveCfg = Release|Any CPU
		{320B8DF2-6880-461B-B0FB-ECBB267920AB}.Release|Any CPU.Build.0 = Release|Any CPU
		{36B497BB-20A2-4834-A68B-96C7E5E35CC8}.Debug|Any CPU.ActiveCfg = Debug|Any CPU
		{36B497BB-20A2-4834-A68B-96C7E5E35CC8}.Debug|Any CPU.Build.0 = Debug|Any CPU
		{36B497BB-20A2-4834-A68B-96C7E5E35CC8}.Release|Any CPU.ActiveCfg = Release|Any CPU
		{36B497BB-20A2-4834-A68B-96C7E5E35CC8}.Release|Any CPU.Build.0 = Release|Any CPU
		{3B079942-2EE0-4532-B60D-02E39EE8D918}.Debug|Any CPU.ActiveCfg = Debug|Any CPU
		{3B079942-2EE0-4532-B60D-02E39EE8D918}.Debug|Any CPU.Build.0 = Debug|Any CPU
		{3B079942-2EE0-4532-B60D-02E39EE8D918}.Release|Any CPU.ActiveCfg = Release|Any CPU
		{3B079942-2EE0-4532-B60D-02E39EE8D918}.Release|Any CPU.Build.0 = Release|Any CPU
		{3DA1C75F-7835-4405-BC40-22312DB04729}.Debug|Any CPU.ActiveCfg = Debug|Any CPU
		{3DA1C75F-7835-4405-BC40-22312DB04729}.Debug|Any CPU.Build.0 = Debug|Any CPU
		{3DA1C75F-7835-4405-BC40-22312DB04729}.Release|Any CPU.ActiveCfg = Release|Any CPU
		{3DA1C75F-7835-4405-BC40-22312DB04729}.Release|Any CPU.Build.0 = Release|Any CPU
		{3EDBA9C1-A3B1-4C7A-9F05-BA3ED169B731}.Debug|Any CPU.ActiveCfg = Debug|Any CPU
		{3EDBA9C1-A3B1-4C7A-9F05-BA3ED169B731}.Debug|Any CPU.Build.0 = Debug|Any CPU
		{3EDBA9C1-A3B1-4C7A-9F05-BA3ED169B731}.Release|Any CPU.ActiveCfg = Release|Any CPU
		{3EDBA9C1-A3B1-4C7A-9F05-BA3ED169B731}.Release|Any CPU.Build.0 = Release|Any CPU
		{458AEF20-CA16-4050-8B17-5F39C8D3DB76}.Debug|Any CPU.ActiveCfg = Debug|Any CPU
		{458AEF20-CA16-4050-8B17-5F39C8D3DB76}.Debug|Any CPU.Build.0 = Debug|Any CPU
		{458AEF20-CA16-4050-8B17-5F39C8D3DB76}.Release|Any CPU.ActiveCfg = Release|Any CPU
		{458AEF20-CA16-4050-8B17-5F39C8D3DB76}.Release|Any CPU.Build.0 = Release|Any CPU
		{4CDB0B56-4A1E-44CC-9040-2C5DE1585B65}.Debug|Any CPU.ActiveCfg = Debug|Any CPU
		{4CDB0B56-4A1E-44CC-9040-2C5DE1585B65}.Debug|Any CPU.Build.0 = Debug|Any CPU
		{4CDB0B56-4A1E-44CC-9040-2C5DE1585B65}.Release|Any CPU.ActiveCfg = Release|Any CPU
		{4CDB0B56-4A1E-44CC-9040-2C5DE1585B65}.Release|Any CPU.Build.0 = Release|Any CPU
		{56A5C60D-7167-4F2D-8FBC-B5FAF7C1A082}.Debug|Any CPU.ActiveCfg = Debug|Any CPU
		{56A5C60D-7167-4F2D-8FBC-B5FAF7C1A082}.Debug|Any CPU.Build.0 = Debug|Any CPU
		{56A5C60D-7167-4F2D-8FBC-B5FAF7C1A082}.Release|Any CPU.ActiveCfg = Release|Any CPU
		{56A5C60D-7167-4F2D-8FBC-B5FAF7C1A082}.Release|Any CPU.Build.0 = Release|Any CPU
		{5A7D85EF-E07F-42DB-A54D-D338C92E254C}.Debug|Any CPU.ActiveCfg = Debug|Any CPU
		{5A7D85EF-E07F-42DB-A54D-D338C92E254C}.Debug|Any CPU.Build.0 = Debug|Any CPU
		{5A7D85EF-E07F-42DB-A54D-D338C92E254C}.Release|Any CPU.ActiveCfg = Release|Any CPU
		{5A7D85EF-E07F-42DB-A54D-D338C92E254C}.Release|Any CPU.Build.0 = Release|Any CPU
		{5D305E36-842C-4A31-9F52-A24C3880B1F8}.Debug|Any CPU.ActiveCfg = Debug|Any CPU
		{5D305E36-842C-4A31-9F52-A24C3880B1F8}.Debug|Any CPU.Build.0 = Debug|Any CPU
		{5D305E36-842C-4A31-9F52-A24C3880B1F8}.Release|Any CPU.ActiveCfg = Release|Any CPU
		{5D305E36-842C-4A31-9F52-A24C3880B1F8}.Release|Any CPU.Build.0 = Release|Any CPU
		{5FFBD446-5A39-43D3-AE21-4812C5F0C9B5}.Debug|Any CPU.ActiveCfg = Debug|Any CPU
		{5FFBD446-5A39-43D3-AE21-4812C5F0C9B5}.Debug|Any CPU.Build.0 = Debug|Any CPU
		{5FFBD446-5A39-43D3-AE21-4812C5F0C9B5}.Release|Any CPU.ActiveCfg = Release|Any CPU
		{5FFBD446-5A39-43D3-AE21-4812C5F0C9B5}.Release|Any CPU.Build.0 = Release|Any CPU
		{60BB65DB-2E19-4A33-86DC-7A35A07D09F4}.Debug|Any CPU.ActiveCfg = Debug|Any CPU
		{60BB65DB-2E19-4A33-86DC-7A35A07D09F4}.Debug|Any CPU.Build.0 = Debug|Any CPU
		{60BB65DB-2E19-4A33-86DC-7A35A07D09F4}.Release|Any CPU.ActiveCfg = Release|Any CPU
		{60BB65DB-2E19-4A33-86DC-7A35A07D09F4}.Release|Any CPU.Build.0 = Release|Any CPU
		{725DEA18-1EE8-4E70-9EF1-8C78C7A75B75}.Debug|Any CPU.ActiveCfg = Debug|Any CPU
		{725DEA18-1EE8-4E70-9EF1-8C78C7A75B75}.Debug|Any CPU.Build.0 = Debug|Any CPU
		{725DEA18-1EE8-4E70-9EF1-8C78C7A75B75}.Release|Any CPU.ActiveCfg = Release|Any CPU
		{725DEA18-1EE8-4E70-9EF1-8C78C7A75B75}.Release|Any CPU.Build.0 = Release|Any CPU
		{73D9932C-9F9A-47CE-B996-3F326CA87F17}.Debug|Any CPU.ActiveCfg = Debug|Any CPU
		{73D9932C-9F9A-47CE-B996-3F326CA87F17}.Debug|Any CPU.Build.0 = Debug|Any CPU
		{73D9932C-9F9A-47CE-B996-3F326CA87F17}.Release|Any CPU.ActiveCfg = Release|Any CPU
		{73D9932C-9F9A-47CE-B996-3F326CA87F17}.Release|Any CPU.Build.0 = Release|Any CPU
		{77C72B29-9D63-4720-AD96-676D179805EA}.Debug|Any CPU.ActiveCfg = Debug|Any CPU
		{77C72B29-9D63-4720-AD96-676D179805EA}.Debug|Any CPU.Build.0 = Debug|Any CPU
		{77C72B29-9D63-4720-AD96-676D179805EA}.Release|Any CPU.ActiveCfg = Release|Any CPU
		{77C72B29-9D63-4720-AD96-676D179805EA}.Release|Any CPU.Build.0 = Release|Any CPU
		{78F07639-856B-4D72-BF48-6B343AC7C72A}.Debug|Any CPU.ActiveCfg = Debug|Any CPU
		{78F07639-856B-4D72-BF48-6B343AC7C72A}.Debug|Any CPU.Build.0 = Debug|Any CPU
		{78F07639-856B-4D72-BF48-6B343AC7C72A}.Release|Any CPU.ActiveCfg = Release|Any CPU
		{78F07639-856B-4D72-BF48-6B343AC7C72A}.Release|Any CPU.Build.0 = Release|Any CPU
		{7FA93250-CB4A-45B5-AC27-3FA26DF05889}.Debug|Any CPU.ActiveCfg = Debug|Any CPU
		{7FA93250-CB4A-45B5-AC27-3FA26DF05889}.Debug|Any CPU.Build.0 = Debug|Any CPU
		{7FA93250-CB4A-45B5-AC27-3FA26DF05889}.Release|Any CPU.ActiveCfg = Release|Any CPU
		{7FA93250-CB4A-45B5-AC27-3FA26DF05889}.Release|Any CPU.Build.0 = Release|Any CPU
		{7FDC4CAA-B355-49A8-B29C-239245A32A84}.Debug|Any CPU.ActiveCfg = Debug|Any CPU
		{7FDC4CAA-B355-49A8-B29C-239245A32A84}.Debug|Any CPU.Build.0 = Debug|Any CPU
		{7FDC4CAA-B355-49A8-B29C-239245A32A84}.Release|Any CPU.ActiveCfg = Release|Any CPU
		{7FDC4CAA-B355-49A8-B29C-239245A32A84}.Release|Any CPU.Build.0 = Release|Any CPU
		{89053E1C-78F6-4A5C-A8AB-2E4A234CC9E9}.Debug|Any CPU.ActiveCfg = Debug|Any CPU
		{89053E1C-78F6-4A5C-A8AB-2E4A234CC9E9}.Debug|Any CPU.Build.0 = Debug|Any CPU
		{89053E1C-78F6-4A5C-A8AB-2E4A234CC9E9}.Release|Any CPU.ActiveCfg = Release|Any CPU
		{89053E1C-78F6-4A5C-A8AB-2E4A234CC9E9}.Release|Any CPU.Build.0 = Release|Any CPU
		{8CDDF71E-8EF9-4932-B434-2CE2A9DF4498}.Debug|Any CPU.ActiveCfg = Debug|Any CPU
		{8CDDF71E-8EF9-4932-B434-2CE2A9DF4498}.Debug|Any CPU.Build.0 = Debug|Any CPU
		{8CDDF71E-8EF9-4932-B434-2CE2A9DF4498}.Release|Any CPU.ActiveCfg = Release|Any CPU
		{8CDDF71E-8EF9-4932-B434-2CE2A9DF4498}.Release|Any CPU.Build.0 = Release|Any CPU
		{8E83584F-D42B-455A-8E4E-C957DC4CF82C}.Debug|Any CPU.ActiveCfg = Debug|Any CPU
		{8E83584F-D42B-455A-8E4E-C957DC4CF82C}.Debug|Any CPU.Build.0 = Debug|Any CPU
		{8E83584F-D42B-455A-8E4E-C957DC4CF82C}.Release|Any CPU.ActiveCfg = Release|Any CPU
		{8E83584F-D42B-455A-8E4E-C957DC4CF82C}.Release|Any CPU.Build.0 = Release|Any CPU
		{A8EE07D6-6657-4915-8BB8-1000E18AFFDE}.Debug|Any CPU.ActiveCfg = Debug|Any CPU
		{A8EE07D6-6657-4915-8BB8-1000E18AFFDE}.Debug|Any CPU.Build.0 = Debug|Any CPU
		{A8EE07D6-6657-4915-8BB8-1000E18AFFDE}.Release|Any CPU.ActiveCfg = Release|Any CPU
		{A8EE07D6-6657-4915-8BB8-1000E18AFFDE}.Release|Any CPU.Build.0 = Release|Any CPU
		{BB0300EA-63B2-4200-BBCB-7A07BFCD93C7}.Debug|Any CPU.ActiveCfg = Debug|Any CPU
		{BB0300EA-63B2-4200-BBCB-7A07BFCD93C7}.Debug|Any CPU.Build.0 = Debug|Any CPU
		{BB0300EA-63B2-4200-BBCB-7A07BFCD93C7}.Release|Any CPU.ActiveCfg = Release|Any CPU
		{BB0300EA-63B2-4200-BBCB-7A07BFCD93C7}.Release|Any CPU.Build.0 = Release|Any CPU
		{C4EC75DF-5436-4D13-AFC5-DA5C688E1FE4}.Debug|Any CPU.ActiveCfg = Debug|Any CPU
		{C4EC75DF-5436-4D13-AFC5-DA5C688E1FE4}.Debug|Any CPU.Build.0 = Debug|Any CPU
		{C4EC75DF-5436-4D13-AFC5-DA5C688E1FE4}.Release|Any CPU.ActiveCfg = Release|Any CPU
		{C4EC75DF-5436-4D13-AFC5-DA5C688E1FE4}.Release|Any CPU.Build.0 = Release|Any CPU
		{C59FCBFD-78F3-4AD8-B3A3-67CD86E06FA0}.Debug|Any CPU.ActiveCfg = Debug|Any CPU
		{C59FCBFD-78F3-4AD8-B3A3-67CD86E06FA0}.Debug|Any CPU.Build.0 = Debug|Any CPU
		{C59FCBFD-78F3-4AD8-B3A3-67CD86E06FA0}.Release|Any CPU.ActiveCfg = Release|Any CPU
		{C59FCBFD-78F3-4AD8-B3A3-67CD86E06FA0}.Release|Any CPU.Build.0 = Release|Any CPU
		{C744D0C2-5628-4C26-A620-A5F21F348AC7}.Debug|Any CPU.ActiveCfg = Debug|Any CPU
		{C744D0C2-5628-4C26-A620-A5F21F348AC7}.Debug|Any CPU.Build.0 = Debug|Any CPU
		{C744D0C2-5628-4C26-A620-A5F21F348AC7}.Release|Any CPU.ActiveCfg = Release|Any CPU
		{C744D0C2-5628-4C26-A620-A5F21F348AC7}.Release|Any CPU.Build.0 = Release|Any CPU
		{CAD9AF4E-CB9A-4ACA-A0FE-566459EE973F}.Debug|Any CPU.ActiveCfg = Debug|Any CPU
		{CAD9AF4E-CB9A-4ACA-A0FE-566459EE973F}.Debug|Any CPU.Build.0 = Debug|Any CPU
		{CAD9AF4E-CB9A-4ACA-A0FE-566459EE973F}.Release|Any CPU.ActiveCfg = Release|Any CPU
		{CAD9AF4E-CB9A-4ACA-A0FE-566459EE973F}.Release|Any CPU.Build.0 = Release|Any CPU
		{CC68A2B5-0833-4387-B654-5A1438E4F6CA}.Debug|Any CPU.ActiveCfg = Debug|Any CPU
		{CC68A2B5-0833-4387-B654-5A1438E4F6CA}.Debug|Any CPU.Build.0 = Debug|Any CPU
		{CC68A2B5-0833-4387-B654-5A1438E4F6CA}.Release|Any CPU.ActiveCfg = Release|Any CPU
		{CC68A2B5-0833-4387-B654-5A1438E4F6CA}.Release|Any CPU.Build.0 = Release|Any CPU
		{D6DE2460-F6F0-4C87-999D-F48463026F7E}.Debug|Any CPU.ActiveCfg = Debug|Any CPU
		{D6DE2460-F6F0-4C87-999D-F48463026F7E}.Debug|Any CPU.Build.0 = Debug|Any CPU
		{D6DE2460-F6F0-4C87-999D-F48463026F7E}.Release|Any CPU.ActiveCfg = Release|Any CPU
		{D6DE2460-F6F0-4C87-999D-F48463026F7E}.Release|Any CPU.Build.0 = Release|Any CPU
		{D83B85B8-44CE-4470-A7F6-8AC5036049AD}.Debug|Any CPU.ActiveCfg = Debug|Any CPU
		{D83B85B8-44CE-4470-A7F6-8AC5036049AD}.Debug|Any CPU.Build.0 = Debug|Any CPU
		{D83B85B8-44CE-4470-A7F6-8AC5036049AD}.Release|Any CPU.ActiveCfg = Release|Any CPU
		{D83B85B8-44CE-4470-A7F6-8AC5036049AD}.Release|Any CPU.Build.0 = Release|Any CPU
		{E786DEE2-074E-405A-B124-CD4D335B51E4}.Debug|Any CPU.ActiveCfg = Debug|Any CPU
		{E786DEE2-074E-405A-B124-CD4D335B51E4}.Debug|Any CPU.Build.0 = Debug|Any CPU
		{E786DEE2-074E-405A-B124-CD4D335B51E4}.Release|Any CPU.ActiveCfg = Release|Any CPU
		{E786DEE2-074E-405A-B124-CD4D335B51E4}.Release|Any CPU.Build.0 = Release|Any CPU
		{EAA7D714-CB15-4834-B89F-E0944C2BA25E}.Debug|Any CPU.ActiveCfg = Debug|Any CPU
		{EAA7D714-CB15-4834-B89F-E0944C2BA25E}.Debug|Any CPU.Build.0 = Debug|Any CPU
		{EAA7D714-CB15-4834-B89F-E0944C2BA25E}.Release|Any CPU.ActiveCfg = Release|Any CPU
		{EAA7D714-CB15-4834-B89F-E0944C2BA25E}.Release|Any CPU.Build.0 = Release|Any CPU
		{EB40A918-9DE0-42F7-9A72-C5752BA50B53}.Debug|Any CPU.ActiveCfg = Debug|Any CPU
		{EB40A918-9DE0-42F7-9A72-C5752BA50B53}.Debug|Any CPU.Build.0 = Debug|Any CPU
		{EB40A918-9DE0-42F7-9A72-C5752BA50B53}.Release|Any CPU.ActiveCfg = Release|Any CPU
		{EB40A918-9DE0-42F7-9A72-C5752BA50B53}.Release|Any CPU.Build.0 = Release|Any CPU
		{EC344E20-53BC-4D8E-8727-B6AE1E70E11F}.Debug|Any CPU.ActiveCfg = Debug|Any CPU
		{EC344E20-53BC-4D8E-8727-B6AE1E70E11F}.Debug|Any CPU.Build.0 = Debug|Any CPU
		{EC344E20-53BC-4D8E-8727-B6AE1E70E11F}.Release|Any CPU.ActiveCfg = Release|Any CPU
		{EC344E20-53BC-4D8E-8727-B6AE1E70E11F}.Release|Any CPU.Build.0 = Release|Any CPU
		{EDC8C078-35B8-49E0-A644-17ABB1701B85}.Debug|Any CPU.ActiveCfg = Debug|Any CPU
		{EDC8C078-35B8-49E0-A644-17ABB1701B85}.Debug|Any CPU.Build.0 = Debug|Any CPU
		{EDC8C078-35B8-49E0-A644-17ABB1701B85}.Release|Any CPU.ActiveCfg = Release|Any CPU
		{EDC8C078-35B8-49E0-A644-17ABB1701B85}.Release|Any CPU.Build.0 = Release|Any CPU
		{EE95F91A-8EA1-4280-9AD3-F6338C3119EE}.Debug|Any CPU.ActiveCfg = Debug|Any CPU
		{EE95F91A-8EA1-4280-9AD3-F6338C3119EE}.Debug|Any CPU.Build.0 = Debug|Any CPU
		{EE95F91A-8EA1-4280-9AD3-F6338C3119EE}.Release|Any CPU.ActiveCfg = Release|Any CPU
		{EE95F91A-8EA1-4280-9AD3-F6338C3119EE}.Release|Any CPU.Build.0 = Release|Any CPU
		{F66745DA-BA0C-422B-B08E-7CC7FEB09F2C}.Debug|Any CPU.ActiveCfg = Debug|Any CPU
		{F66745DA-BA0C-422B-B08E-7CC7FEB09F2C}.Debug|Any CPU.Build.0 = Debug|Any CPU
		{F66745DA-BA0C-422B-B08E-7CC7FEB09F2C}.Release|Any CPU.ActiveCfg = Release|Any CPU
		{F66745DA-BA0C-422B-B08E-7CC7FEB09F2C}.Release|Any CPU.Build.0 = Release|Any CPU
		{FE23E95D-34DA-42CB-B140-7C7A29D2D37E}.Debug|Any CPU.ActiveCfg = Debug|Any CPU
		{FE23E95D-34DA-42CB-B140-7C7A29D2D37E}.Debug|Any CPU.Build.0 = Debug|Any CPU
		{FE23E95D-34DA-42CB-B140-7C7A29D2D37E}.Release|Any CPU.ActiveCfg = Release|Any CPU
		{FE23E95D-34DA-42CB-B140-7C7A29D2D37E}.Release|Any CPU.Build.0 = Release|Any CPU
	EndGlobalSection
	GlobalSection(NestedProjects) = preSolution
		{2EA02742-D5EF-46BD-A01D-2251C3F24316} = {CFC40EA8-689B-48F6-B60E-E5C3685C3574}
		{C4EC75DF-5436-4D13-AFC5-DA5C688E1FE4} = {CFC40EA8-689B-48F6-B60E-E5C3685C3574}
		{7FDC4CAA-B355-49A8-B29C-239245A32A84} = {CFC40EA8-689B-48F6-B60E-E5C3685C3574}
		{554313D5-0BDB-4796-B92B-CA55E65ACD73} = {503A1187-63B2-4164-9AD4-A834BD8F8BFB}
		{DB2F1501-DC48-4BFD-8243-FE0591AE7806} = {503A1187-63B2-4164-9AD4-A834BD8F8BFB}
		{C51E887E-2E97-4FED-81A8-D8E555C7B15E} = {503A1187-63B2-4164-9AD4-A834BD8F8BFB}
		{54E82198-9AC5-4477-B2C8-4FF0660DA5A9} = {503A1187-63B2-4164-9AD4-A834BD8F8BFB}
		{EAA7D714-CB15-4834-B89F-E0944C2BA25E} = {554313D5-0BDB-4796-B92B-CA55E65ACD73}
		{9C7CB376-DB1F-46DA-858D-A440FD12ADBD} = {554313D5-0BDB-4796-B92B-CA55E65ACD73}
		{21028C0B-1582-4B33-8F68-4318867DA8A5} = {9C7CB376-DB1F-46DA-858D-A440FD12ADBD}
		{5D305E36-842C-4A31-9F52-A24C3880B1F8} = {9C7CB376-DB1F-46DA-858D-A440FD12ADBD}
		{320B8DF2-6880-461B-B0FB-ECBB267920AB} = {9C7CB376-DB1F-46DA-858D-A440FD12ADBD}
		{056E05F9-B2A7-4E67-A369-A9CFF79B2FC0} = {9C7CB376-DB1F-46DA-858D-A440FD12ADBD}
		{3EDBA9C1-A3B1-4C7A-9F05-BA3ED169B731} = {9C7CB376-DB1F-46DA-858D-A440FD12ADBD}
		{7DA301C8-36CF-4915-B883-B5228B6000EE} = {DB2F1501-DC48-4BFD-8243-FE0591AE7806}
		{458AEF20-CA16-4050-8B17-5F39C8D3DB76} = {DB2F1501-DC48-4BFD-8243-FE0591AE7806}
		{78F07639-856B-4D72-BF48-6B343AC7C72A} = {7DA301C8-36CF-4915-B883-B5228B6000EE}
		{EFE92500-7BD2-4484-B20C-C3910E32363E} = {C51E887E-2E97-4FED-81A8-D8E555C7B15E}
		{89053E1C-78F6-4A5C-A8AB-2E4A234CC9E9} = {EFE92500-7BD2-4484-B20C-C3910E32363E}
		{14FD3258-A4CC-4646-A8C4-DC20AFB10490} = {EFE92500-7BD2-4484-B20C-C3910E32363E}
		{A8EE07D6-6657-4915-8BB8-1000E18AFFDE} = {EFE92500-7BD2-4484-B20C-C3910E32363E}
		{02B81989-3F90-47D8-B54C-DD6C5FA218C1} = {EFE92500-7BD2-4484-B20C-C3910E32363E}
		{CAD9AF4E-CB9A-4ACA-A0FE-566459EE973F} = {EFE92500-7BD2-4484-B20C-C3910E32363E}
		{C744D0C2-5628-4C26-A620-A5F21F348AC7} = {EFE92500-7BD2-4484-B20C-C3910E32363E}
		{0D751B6C-D31D-4B7A-A69F-34B65F3D22D1} = {EFE92500-7BD2-4484-B20C-C3910E32363E}
		{E786DEE2-074E-405A-B124-CD4D335B51E4} = {EFE92500-7BD2-4484-B20C-C3910E32363E}
		{EE95F91A-8EA1-4280-9AD3-F6338C3119EE} = {EFE92500-7BD2-4484-B20C-C3910E32363E}
		{1EC65263-DF9F-4354-869A-77139A3F1ED7} = {EFE92500-7BD2-4484-B20C-C3910E32363E}
		{3B079942-2EE0-4532-B60D-02E39EE8D918} = {EFE92500-7BD2-4484-B20C-C3910E32363E}
		{17E95DE8-7F5F-4C71-97D1-C9DDA4A7D85C} = {EFE92500-7BD2-4484-B20C-C3910E32363E}
		{7FA93250-CB4A-45B5-AC27-3FA26DF05889} = {EFE92500-7BD2-4484-B20C-C3910E32363E}
		{EC344E20-53BC-4D8E-8727-B6AE1E70E11F} = {EFE92500-7BD2-4484-B20C-C3910E32363E}
		{EDC8C078-35B8-49E0-A644-17ABB1701B85} = {EFE92500-7BD2-4484-B20C-C3910E32363E}
		{5A7D85EF-E07F-42DB-A54D-D338C92E254C} = {EFE92500-7BD2-4484-B20C-C3910E32363E}
		{3DA1C75F-7835-4405-BC40-22312DB04729} = {EFE92500-7BD2-4484-B20C-C3910E32363E}
		{8E83584F-D42B-455A-8E4E-C957DC4CF82C} = {EFE92500-7BD2-4484-B20C-C3910E32363E}
		{60BB65DB-2E19-4A33-86DC-7A35A07D09F4} = {EFE92500-7BD2-4484-B20C-C3910E32363E}
		{5FFBD446-5A39-43D3-AE21-4812C5F0C9B5} = {EFE92500-7BD2-4484-B20C-C3910E32363E}
		{36B497BB-20A2-4834-A68B-96C7E5E35CC8} = {EFE92500-7BD2-4484-B20C-C3910E32363E}
		{56A5C60D-7167-4F2D-8FBC-B5FAF7C1A082} = {EFE92500-7BD2-4484-B20C-C3910E32363E}
		{276D35E3-DB23-45F7-85A7-186B9BFCD430} = {EFE92500-7BD2-4484-B20C-C3910E32363E}
		{725DEA18-1EE8-4E70-9EF1-8C78C7A75B75} = {EFE92500-7BD2-4484-B20C-C3910E32363E}
		{EB40A918-9DE0-42F7-9A72-C5752BA50B53} = {EFE92500-7BD2-4484-B20C-C3910E32363E}
		{14397101-0B31-4989-97C8-A5E6699A9765} = {EFE92500-7BD2-4484-B20C-C3910E32363E}
		{FE23E95D-34DA-42CB-B140-7C7A29D2D37E} = {EFE92500-7BD2-4484-B20C-C3910E32363E}
		{8CDDF71E-8EF9-4932-B434-2CE2A9DF4498} = {EFE92500-7BD2-4484-B20C-C3910E32363E}
		{77C72B29-9D63-4720-AD96-676D179805EA} = {EFE92500-7BD2-4484-B20C-C3910E32363E}
		{C59FCBFD-78F3-4AD8-B3A3-67CD86E06FA0} = {EFE92500-7BD2-4484-B20C-C3910E32363E}
		{03B09B7B-993D-4E9A-AC28-C85F3D118D06} = {EFE92500-7BD2-4484-B20C-C3910E32363E}
		{D83B85B8-44CE-4470-A7F6-8AC5036049AD} = {EFE92500-7BD2-4484-B20C-C3910E32363E}
		{CC68A2B5-0833-4387-B654-5A1438E4F6CA} = {EFE92500-7BD2-4484-B20C-C3910E32363E}
		{D6DE2460-F6F0-4C87-999D-F48463026F7E} = {EFE92500-7BD2-4484-B20C-C3910E32363E}
		{73D9932C-9F9A-47CE-B996-3F326CA87F17} = {EFE92500-7BD2-4484-B20C-C3910E32363E}
		{F66745DA-BA0C-422B-B08E-7CC7FEB09F2C} = {EFE92500-7BD2-4484-B20C-C3910E32363E}
		{4CDB0B56-4A1E-44CC-9040-2C5DE1585B65} = {EFE92500-7BD2-4484-B20C-C3910E32363E}
		{BB0300EA-63B2-4200-BBCB-7A07BFCD93C7} = {EFE92500-7BD2-4484-B20C-C3910E32363E}
	EndGlobalSection
	GlobalSection(SolutionProperties) = preSolution
		HideSolutionNode = FALSE
	EndGlobalSection
EndGlobal
