
Microsoft Visual Studio Solution File, Format Version 10.00
# Visual Studio 2008
Project("{8BC9CEB8-8B4A-11D0-8D11-00A0C91BC942}") = "vc8libcurl", "vc8libcurl.vcproj", "{87EE9DA4-DE1E-4448-8324-183C98DCA588}"
EndProject
Global
	GlobalSection(SolutionConfigurationPlatforms) = preSolution
		Debug|HS87x (x86) = Debug|HS87x (x86)
		Release|HS87x (x86) = Release|HS87x (x86)
	EndGlobalSection
	GlobalSection(ProjectConfigurationPlatforms) = postSolution
		{87EE9DA4-DE1E-4448-8324-183C98DCA588}.Debug|HS87x (x86).ActiveCfg = Debug|HS87x (x86)
		{87EE9DA4-DE1E-4448-8324-183C98DCA588}.Debug|HS87x (x86).Build.0 = Debug|HS87x (x86)
		{87EE9DA4-DE1E-4448-8324-183C98DCA588}.Debug|HS87x (x86).Deploy.0 = Debug|HS87x (x86)
		{87EE9DA4-DE1E-4448-8324-183C98DCA588}.Release|HS87x (x86).ActiveCfg = Release|HS87x (x86)
		{87EE9DA4-DE1E-4448-8324-183C98DCA588}.Release|HS87x (x86).Build.0 = Release|HS87x (x86)
		{87EE9DA4-DE1E-4448-8324-183C98DCA588}.Release|HS87x (x86).Deploy.0 = Release|HS87x (x86)
	EndGlobalSection
	GlobalSection(SolutionProperties) = preSolution
		HideSolutionNode = FALSE
	EndGlobalSection
EndGlobal
