
Microsoft Visual Studio Solution File, Format Version 12.00
# Visual Studio 2012
Project("{FAE04EC0-301F-11D3-BF4B-00C04F79EFBC}") = "ExportDotNet", "ExportDotNet.csproj", "{8BB631AB-92C0-47D8-89EB-5056ADDB46BC}"
EndProject
Global
	GlobalSection(SolutionConfigurationPlatforms) = preSolution
		Debug|x86 = Debug|x86
		Release|x86 = Release|x86
	EndGlobalSection
	GlobalSection(ProjectConfigurationPlatforms) = postSolution
		{8BB631AB-92C0-47D8-89EB-5056ADDB46BC}.Debug|x86.ActiveCfg = Debug|x86
		{8BB631AB-92C0-47D8-89EB-5056ADDB46BC}.Debug|x86.Build.0 = Debug|x86
		{8BB631AB-92C0-47D8-89EB-5056ADDB46BC}.Release|x86.ActiveCfg = Release|x86
		{8BB631AB-92C0-47D8-89EB-5056ADDB46BC}.Release|x86.Build.0 = Release|x86
	EndGlobalSection
	GlobalSection(MonoDevelopProperties) = preSolution
		StartupItem = ExportDotNet.csproj
		Policies = $0
		$0.TextStylePolicy = $1
		$1.inheritsSet = null
		$1.scope = text/x-csharp
		$0.CSharpFormattingPolicy = $2
		$2.NamespaceBraceStyle = EndOfLine
		$2.ClassBraceStyle = EndOfLine
		$2.InterfaceBraceStyle = EndOfLine
		$2.StructBraceStyle = EndOfLine
		$2.EnumBraceStyle = EndOfLine
		$2.MethodBraceStyle = EndOfLine
		$2.ConstructorBraceStyle = EndOfLine
		$2.DestructorBraceStyle = EndOfLine
		$2.BeforeMethodDeclarationParentheses = False
		$2.BeforeMethodCallParentheses = False
		$2.BeforeConstructorDeclarationParentheses = False
		$2.BeforeIndexerDeclarationBracket = False
		$2.BeforeDelegateDeclarationParentheses = False
		$2.AfterDelegateDeclarationParameterComma = True
		$2.NewParentheses = False
		$2.LockParentheses = False
		$2.SpacesBeforeBrackets = False
		$2.inheritsSet = Mono
		$2.inheritsScope = text/x-csharp
		$2.scope = text/x-csharp
	EndGlobalSection
EndGlobal
